
Microsoft Visual Studio Solution File, Format Version 12.00
Project("{FAE04EC0-301F-11D3-BF4B-00C04F79EFBC}") = "BroadcastUtility", "BroadcastUtility\BroadcastUtility.csproj", "{7A9AA04C-BEE1-4978-BBD9-B5BB865B8454}"
EndProject
Global
	GlobalSection(SolutionConfigurationPlatforms) = preSolution
		Debug|Any CPU = Debug|Any CPU
		Release|Any CPU = Release|Any CPU
	EndGlobalSection
	GlobalSection(ProjectConfigurationPlatforms) = postSolution
		{7A9AA04C-BEE1-4978-BBD9-B5BB865B8454}.Debug|Any CPU.ActiveCfg = Debug|Any CPU
		{7A9AA04C-BEE1-4978-BBD9-B5BB865B8454}.Debug|Any CPU.Build.0 = Debug|Any CPU
		{7A9AA04C-BEE1-4978-BBD9-B5BB865B8454}.Release|Any CPU.ActiveCfg = Release|Any CPU
		{7A9AA04C-BEE1-4978-BBD9-B5BB865B8454}.Release|Any CPU.Build.0 = Release|Any CPU
	EndGlobalSection
EndGlobal
